
Microsoft Visual Studio Solution File, Format Version 12.00
# Visual Studio Version 17
VisualStudioVersion = 17.12.35527.113
MinimumVisualStudioVersion = 10.0.40219.1
Project("{2150E333-8FDC-42A3-9474-1A3956D46DE8}") = "Solution Items", "Solution Items", "{5A9251CA-26F6-441C-9E91-3856E479D8A2}"
	ProjectSection(SolutionItems) = preProject
		.editorconfig = .editorconfig
		.gitignore = .gitignore
		README.md = README.md
	EndProjectSection
EndProject
Project("{2150E333-8FDC-42A3-9474-1A3956D46DE8}") = "tests", "tests", "{A9ABE576-2202-4746-A24F-92E2AD09DCBC}"
EndProject
Project("{2150E333-8FDC-42A3-9474-1A3956D46DE8}") = "src", "src", "{A7C59F7E-8D6E-423C-896F-F39DB9CC25AA}"
EndProject
Project("{FAE04EC0-301F-11D3-BF4B-00C04F79EFBC}") = "ServiceDefaults", "src\ServiceDefaults\ServiceDefaults.csproj", "{27A4A2BD-71B2-448B-BCDA-99CE4A11B4B9}"
EndProject
Project("{FAE04EC0-301F-11D3-BF4B-00C04F79EFBC}") = "AppHost", "src\AppHost\AppHost.csproj", "{CD2D1236-9A19-44AA-89BB-93FD1A6C2289}"
EndProject
Project("{FAE04EC0-301F-11D3-BF4B-00C04F79EFBC}") = "IntegrationTests", "tests\IntegrationTests\IntegrationTests.csproj", "{85D55076-D5F7-4716-9B39-5AE27A85FB60}"
EndProject
Project("{FAE04EC0-301F-11D3-BF4B-00C04F79EFBC}") = "Blink.WebApi", "src\Blink.WebApi\Blink.WebApi.csproj", "{4266DFFB-1BE7-501E-8EF7-A2B7C8BFAC46}"
EndProject
Project("{FAE04EC0-301F-11D3-BF4B-00C04F79EFBC}") = "Blink.WebApp", "src\Blink.WebApp\Blink.WebApp.csproj", "{0186033C-246F-F0FA-30C3-992DA32ADCE8}"
EndProject
Project("{FAE04EC0-301F-11D3-BF4B-00C04F79EFBC}") = "Blink.ServiceNames", "src\Blink.ServiceNames\Blink.ServiceNames.csproj", "{14B46BAC-32C3-4874-AEE4-97C5245737A9}"
EndProject
Project("{FAE04EC0-301F-11D3-BF4B-00C04F79EFBC}") = "Blink.Messaging", "src\Blink.Messaging\Blink.Messaging.csproj", "{7D5DD16F-CEDA-4B72-8325-218DEE0AEB71}"
EndProject
Project("{FAE04EC0-301F-11D3-BF4B-00C04F79EFBC}") = "Blink.VideoProcessor", "src\Blink.VideoProcessor\Blink.VideoProcessor.csproj", "{A7E26988-2AC8-94B9-FFF6-D796DD833CEC}"
EndProject
Project("{FAE04EC0-301F-11D3-BF4B-00C04F79EFBC}") = "Blink.Storage", "src\Blink.Storage\Blink.Storage.csproj", "{1C678AA1-C1FA-4A8E-8235-50DD0E53B55A}"
EndProject
Global
	GlobalSection(SolutionConfigurationPlatforms) = preSolution
		Debug|Any CPU = Debug|Any CPU
		Release|Any CPU = Release|Any CPU
	EndGlobalSection
	GlobalSection(ProjectConfigurationPlatforms) = postSolution
		{27A4A2BD-71B2-448B-BCDA-99CE4A11B4B9}.Debug|Any CPU.ActiveCfg = Debug|Any CPU
		{27A4A2BD-71B2-448B-BCDA-99CE4A11B4B9}.Debug|Any CPU.Build.0 = Debug|Any CPU
		{27A4A2BD-71B2-448B-BCDA-99CE4A11B4B9}.Release|Any CPU.ActiveCfg = Release|Any CPU
		{27A4A2BD-71B2-448B-BCDA-99CE4A11B4B9}.Release|Any CPU.Build.0 = Release|Any CPU
		{CD2D1236-9A19-44AA-89BB-93FD1A6C2289}.Debug|Any CPU.ActiveCfg = Debug|Any CPU
		{CD2D1236-9A19-44AA-89BB-93FD1A6C2289}.Debug|Any CPU.Build.0 = Debug|Any CPU
		{CD2D1236-9A19-44AA-89BB-93FD1A6C2289}.Release|Any CPU.ActiveCfg = Release|Any CPU
		{CD2D1236-9A19-44AA-89BB-93FD1A6C2289}.Release|Any CPU.Build.0 = Release|Any CPU
		{85D55076-D5F7-4716-9B39-5AE27A85FB60}.Debug|Any CPU.ActiveCfg = Debug|Any CPU
		{85D55076-D5F7-4716-9B39-5AE27A85FB60}.Debug|Any CPU.Build.0 = Debug|Any CPU
		{85D55076-D5F7-4716-9B39-5AE27A85FB60}.Release|Any CPU.ActiveCfg = Release|Any CPU
		{85D55076-D5F7-4716-9B39-5AE27A85FB60}.Release|Any CPU.Build.0 = Release|Any CPU
		{4266DFFB-1BE7-501E-8EF7-A2B7C8BFAC46}.Debug|Any CPU.ActiveCfg = Debug|Any CPU
		{4266DFFB-1BE7-501E-8EF7-A2B7C8BFAC46}.Debug|Any CPU.Build.0 = Debug|Any CPU
		{4266DFFB-1BE7-501E-8EF7-A2B7C8BFAC46}.Release|Any CPU.ActiveCfg = Release|Any CPU
		{4266DFFB-1BE7-501E-8EF7-A2B7C8BFAC46}.Release|Any CPU.Build.0 = Release|Any CPU
		{0186033C-246F-F0FA-30C3-992DA32ADCE8}.Debug|Any CPU.ActiveCfg = Debug|Any CPU
		{0186033C-246F-F0FA-30C3-992DA32ADCE8}.Debug|Any CPU.Build.0 = Debug|Any CPU
		{0186033C-246F-F0FA-30C3-992DA32ADCE8}.Release|Any CPU.ActiveCfg = Release|Any CPU
		{0186033C-246F-F0FA-30C3-992DA32ADCE8}.Release|Any CPU.Build.0 = Release|Any CPU
		{14B46BAC-32C3-4874-AEE4-97C5245737A9}.Debug|Any CPU.ActiveCfg = Debug|Any CPU
		{14B46BAC-32C3-4874-AEE4-97C5245737A9}.Debug|Any CPU.Build.0 = Debug|Any CPU
		{14B46BAC-32C3-4874-AEE4-97C5245737A9}.Release|Any CPU.ActiveCfg = Release|Any CPU
		{14B46BAC-32C3-4874-AEE4-97C5245737A9}.Release|Any CPU.Build.0 = Release|Any CPU
		{7D5DD16F-CEDA-4B72-8325-218DEE0AEB71}.Debug|Any CPU.ActiveCfg = Debug|Any CPU
		{7D5DD16F-CEDA-4B72-8325-218DEE0AEB71}.Debug|Any CPU.Build.0 = Debug|Any CPU
		{7D5DD16F-CEDA-4B72-8325-218DEE0AEB71}.Release|Any CPU.ActiveCfg = Release|Any CPU
		{7D5DD16F-CEDA-4B72-8325-218DEE0AEB71}.Release|Any CPU.Build.0 = Release|Any CPU
		{A7E26988-2AC8-94B9-FFF6-D796DD833CEC}.Debug|Any CPU.ActiveCfg = Debug|Any CPU
		{A7E26988-2AC8-94B9-FFF6-D796DD833CEC}.Debug|Any CPU.Build.0 = Debug|Any CPU
		{A7E26988-2AC8-94B9-FFF6-D796DD833CEC}.Release|Any CPU.ActiveCfg = Release|Any CPU
		{A7E26988-2AC8-94B9-FFF6-D796DD833CEC}.Release|Any CPU.Build.0 = Release|Any CPU
		{1C678AA1-C1FA-4A8E-8235-50DD0E53B55A}.Debug|Any CPU.ActiveCfg = Debug|Any CPU
		{1C678AA1-C1FA-4A8E-8235-50DD0E53B55A}.Debug|Any CPU.Build.0 = Debug|Any CPU
		{1C678AA1-C1FA-4A8E-8235-50DD0E53B55A}.Release|Any CPU.ActiveCfg = Release|Any CPU
		{1C678AA1-C1FA-4A8E-8235-50DD0E53B55A}.Release|Any CPU.Build.0 = Release|Any CPU
	EndGlobalSection
	GlobalSection(SolutionProperties) = preSolution
		HideSolutionNode = FALSE
	EndGlobalSection
	GlobalSection(NestedProjects) = preSolution
		{27A4A2BD-71B2-448B-BCDA-99CE4A11B4B9} = {A7C59F7E-8D6E-423C-896F-F39DB9CC25AA}
		{CD2D1236-9A19-44AA-89BB-93FD1A6C2289} = {A7C59F7E-8D6E-423C-896F-F39DB9CC25AA}
		{85D55076-D5F7-4716-9B39-5AE27A85FB60} = {A9ABE576-2202-4746-A24F-92E2AD09DCBC}
		{4266DFFB-1BE7-501E-8EF7-A2B7C8BFAC46} = {A7C59F7E-8D6E-423C-896F-F39DB9CC25AA}
		{0186033C-246F-F0FA-30C3-992DA32ADCE8} = {A7C59F7E-8D6E-423C-896F-F39DB9CC25AA}
		{14B46BAC-32C3-4874-AEE4-97C5245737A9} = {A7C59F7E-8D6E-423C-896F-F39DB9CC25AA}
		{7D5DD16F-CEDA-4B72-8325-218DEE0AEB71} = {A7C59F7E-8D6E-423C-896F-F39DB9CC25AA}
		{A7E26988-2AC8-94B9-FFF6-D796DD833CEC} = {A7C59F7E-8D6E-423C-896F-F39DB9CC25AA}
		{1C678AA1-C1FA-4A8E-8235-50DD0E53B55A} = {A7C59F7E-8D6E-423C-896F-F39DB9CC25AA}
	EndGlobalSection
	GlobalSection(ExtensibilityGlobals) = postSolution
		SolutionGuid = {7B2AAEE5-D361-4985-9019-907C59C8BAD8}
	EndGlobalSection
EndGlobal
